
Microsoft Visual Studio Solution File, Format Version 12.00
# Visual Studio Version 16
VisualStudioVersion = 16.0.29920.165
MinimumVisualStudioVersion = 10.0.40219.1
Project("{8BC9CEB8-8B4A-11D0-8D11-00A0C91BC942}") = "Prac4", "Prac4\Prac4.vcxproj", "{8B6454C9-887F-4B43-B4F4-F3B54D80D957}"
EndProject
Project("{8BC9CEB8-8B4A-11D0-8D11-00A0C91BC942}") = "Prac4.2", "Prac4.2\Prac4.2.vcxproj", "{AE9723E0-B5C5-4D0E-B216-C8CEE1AA8689}"
EndProject
Global
	GlobalSection(SolutionConfigurationPlatforms) = preSolution
		Debug|x64 = Debug|x64
		Debug|x86 = Debug|x86
		Release|x64 = Release|x64
		Release|x86 = Release|x86
	EndGlobalSection
	GlobalSection(ProjectConfigurationPlatforms) = postSolution
		{8B6454C9-887F-4B43-B4F4-F3B54D80D957}.Debug|x64.ActiveCfg = Debug|x64
		{8B6454C9-887F-4B43-B4F4-F3B54D80D957}.Debug|x64.Build.0 = Debug|x64
		{8B6454C9-887F-4B43-B4F4-F3B54D80D957}.Debug|x86.ActiveCfg = Debug|Win32
		{8B6454C9-887F-4B43-B4F4-F3B54D80D957}.Debug|x86.Build.0 = Debug|Win32
		{8B6454C9-887F-4B43-B4F4-F3B54D80D957}.Release|x64.ActiveCfg = Release|x64
		{8B6454C9-887F-4B43-B4F4-F3B54D80D957}.Release|x64.Build.0 = Release|x64
		{8B6454C9-887F-4B43-B4F4-F3B54D80D957}.Release|x86.ActiveCfg = Release|Win32
		{8B6454C9-887F-4B43-B4F4-F3B54D80D957}.Release|x86.Build.0 = Release|Win32
		{AE9723E0-B5C5-4D0E-B216-C8CEE1AA8689}.Debug|x64.ActiveCfg = Debug|x64
		{AE9723E0-B5C5-4D0E-B216-C8CEE1AA8689}.Debug|x64.Build.0 = Debug|x64
		{AE9723E0-B5C5-4D0E-B216-C8CEE1AA8689}.Debug|x86.ActiveCfg = Debug|Win32
		{AE9723E0-B5C5-4D0E-B216-C8CEE1AA8689}.Debug|x86.Build.0 = Debug|Win32
		{AE9723E0-B5C5-4D0E-B216-C8CEE1AA8689}.Release|x64.ActiveCfg = Release|x64
		{AE9723E0-B5C5-4D0E-B216-C8CEE1AA8689}.Release|x64.Build.0 = Release|x64
		{AE9723E0-B5C5-4D0E-B216-C8CEE1AA8689}.Release|x86.ActiveCfg = Release|Win32
		{AE9723E0-B5C5-4D0E-B216-C8CEE1AA8689}.Release|x86.Build.0 = Release|Win32
	EndGlobalSection
	GlobalSection(SolutionProperties) = preSolution
		HideSolutionNode = FALSE
	EndGlobalSection
	GlobalSection(ExtensibilityGlobals) = postSolution
		SolutionGuid = {F76A3F1C-C5A0-4783-94BC-E92FBED51CCB}
	EndGlobalSection
EndGlobal
